
Microsoft Visual Studio Solution File, Format Version 12.00
# Visual Studio Version 16
VisualStudioVersion = 16.6.30114.105
MinimumVisualStudioVersion = 10.0.40219.1
Project("{FAE04EC0-301F-11D3-BF4B-00C04F79EFBC}") = "API", "API\API.csproj", "{EABBCC9C-C315-484B-9A8D-098649AA0BB1}"
EndProject
Project("{FAE04EC0-301F-11D3-BF4B-00C04F79EFBC}") = "Application", "Application\Application.csproj", "{AFD0D740-FA25-45CA-948E-86E147C3F9B7}"
EndProject
Project("{FAE04EC0-301F-11D3-BF4B-00C04F79EFBC}") = "Persistence", "Persistence\Persistence.csproj", "{32C74821-1C93-4E9E-A7BF-54572C8B3C69}"
EndProject
Project("{FAE04EC0-301F-11D3-BF4B-00C04F79EFBC}") = "Domain", "Domain\Domain.csproj", "{940E06C8-DE49-4E22-AE8A-54497E0380A4}"
EndProject
Global
	GlobalSection(SolutionConfigurationPlatforms) = preSolution
		Debug|Any CPU = Debug|Any CPU
		Debug|x64 = Debug|x64
		Debug|x86 = Debug|x86
		Release|Any CPU = Release|Any CPU
		Release|x64 = Release|x64
		Release|x86 = Release|x86
	EndGlobalSection
	GlobalSection(SolutionProperties) = preSolution
		HideSolutionNode = FALSE
	EndGlobalSection
	GlobalSection(ProjectConfigurationPlatforms) = postSolution
		{EABBCC9C-C315-484B-9A8D-098649AA0BB1}.Debug|Any CPU.ActiveCfg = Debug|Any CPU
		{EABBCC9C-C315-484B-9A8D-098649AA0BB1}.Debug|Any CPU.Build.0 = Debug|Any CPU
		{EABBCC9C-C315-484B-9A8D-098649AA0BB1}.Debug|x64.ActiveCfg = Debug|Any CPU
		{EABBCC9C-C315-484B-9A8D-098649AA0BB1}.Debug|x64.Build.0 = Debug|Any CPU
		{EABBCC9C-C315-484B-9A8D-098649AA0BB1}.Debug|x86.ActiveCfg = Debug|Any CPU
		{EABBCC9C-C315-484B-9A8D-098649AA0BB1}.Debug|x86.Build.0 = Debug|Any CPU
		{EABBCC9C-C315-484B-9A8D-098649AA0BB1}.Release|Any CPU.ActiveCfg = Release|Any CPU
		{EABBCC9C-C315-484B-9A8D-098649AA0BB1}.Release|Any CPU.Build.0 = Release|Any CPU
		{EABBCC9C-C315-484B-9A8D-098649AA0BB1}.Release|x64.ActiveCfg = Release|Any CPU
		{EABBCC9C-C315-484B-9A8D-098649AA0BB1}.Release|x64.Build.0 = Release|Any CPU
		{EABBCC9C-C315-484B-9A8D-098649AA0BB1}.Release|x86.ActiveCfg = Release|Any CPU
		{EABBCC9C-C315-484B-9A8D-098649AA0BB1}.Release|x86.Build.0 = Release|Any CPU
		{AFD0D740-FA25-45CA-948E-86E147C3F9B7}.Debug|Any CPU.ActiveCfg = Debug|Any CPU
		{AFD0D740-FA25-45CA-948E-86E147C3F9B7}.Debug|Any CPU.Build.0 = Debug|Any CPU
		{AFD0D740-FA25-45CA-948E-86E147C3F9B7}.Debug|x64.ActiveCfg = Debug|Any CPU
		{AFD0D740-FA25-45CA-948E-86E147C3F9B7}.Debug|x64.Build.0 = Debug|Any CPU
		{AFD0D740-FA25-45CA-948E-86E147C3F9B7}.Debug|x86.ActiveCfg = Debug|Any CPU
		{AFD0D740-FA25-45CA-948E-86E147C3F9B7}.Debug|x86.Build.0 = Debug|Any CPU
		{AFD0D740-FA25-45CA-948E-86E147C3F9B7}.Release|Any CPU.ActiveCfg = Release|Any CPU
		{AFD0D740-FA25-45CA-948E-86E147C3F9B7}.Release|Any CPU.Build.0 = Release|Any CPU
		{AFD0D740-FA25-45CA-948E-86E147C3F9B7}.Release|x64.ActiveCfg = Release|Any CPU
		{AFD0D740-FA25-45CA-948E-86E147C3F9B7}.Release|x64.Build.0 = Release|Any CPU
		{AFD0D740-FA25-45CA-948E-86E147C3F9B7}.Release|x86.ActiveCfg = Release|Any CPU
		{AFD0D740-FA25-45CA-948E-86E147C3F9B7}.Release|x86.Build.0 = Release|Any CPU
		{32C74821-1C93-4E9E-A7BF-54572C8B3C69}.Debug|Any CPU.ActiveCfg = Debug|Any CPU
		{32C74821-1C93-4E9E-A7BF-54572C8B3C69}.Debug|Any CPU.Build.0 = Debug|Any CPU
		{32C74821-1C93-4E9E-A7BF-54572C8B3C69}.Debug|x64.ActiveCfg = Debug|Any CPU
		{32C74821-1C93-4E9E-A7BF-54572C8B3C69}.Debug|x64.Build.0 = Debug|Any CPU
		{32C74821-1C93-4E9E-A7BF-54572C8B3C69}.Debug|x86.ActiveCfg = Debug|Any CPU
		{32C74821-1C93-4E9E-A7BF-54572C8B3C69}.Debug|x86.Build.0 = Debug|Any CPU
		{32C74821-1C93-4E9E-A7BF-54572C8B3C69}.Release|Any CPU.ActiveCfg = Release|Any CPU
		{32C74821-1C93-4E9E-A7BF-54572C8B3C69}.Release|Any CPU.Build.0 = Release|Any CPU
		{32C74821-1C93-4E9E-A7BF-54572C8B3C69}.Release|x64.ActiveCfg = Release|Any CPU
		{32C74821-1C93-4E9E-A7BF-54572C8B3C69}.Release|x64.Build.0 = Release|Any CPU
		{32C74821-1C93-4E9E-A7BF-54572C8B3C69}.Release|x86.ActiveCfg = Release|Any CPU
		{32C74821-1C93-4E9E-A7BF-54572C8B3C69}.Release|x86.Build.0 = Release|Any CPU
		{940E06C8-DE49-4E22-AE8A-54497E0380A4}.Debug|Any CPU.ActiveCfg = Debug|Any CPU
		{940E06C8-DE49-4E22-AE8A-54497E0380A4}.Debug|Any CPU.Build.0 = Debug|Any CPU
		{940E06C8-DE49-4E22-AE8A-54497E0380A4}.Debug|x64.ActiveCfg = Debug|Any CPU
		{940E06C8-DE49-4E22-AE8A-54497E0380A4}.Debug|x64.Build.0 = Debug|Any CPU
		{940E06C8-DE49-4E22-AE8A-54497E0380A4}.Debug|x86.ActiveCfg = Debug|Any CPU
		{940E06C8-DE49-4E22-AE8A-54497E0380A4}.Debug|x86.Build.0 = Debug|Any CPU
		{940E06C8-DE49-4E22-AE8A-54497E0380A4}.Release|Any CPU.ActiveCfg = Release|Any CPU
		{940E06C8-DE49-4E22-AE8A-54497E0380A4}.Release|Any CPU.Build.0 = Release|Any CPU
		{940E06C8-DE49-4E22-AE8A-54497E0380A4}.Release|x64.ActiveCfg = Release|Any CPU
		{940E06C8-DE49-4E22-AE8A-54497E0380A4}.Release|x64.Build.0 = Release|Any CPU
		{940E06C8-DE49-4E22-AE8A-54497E0380A4}.Release|x86.ActiveCfg = Release|Any CPU
		{940E06C8-DE49-4E22-AE8A-54497E0380A4}.Release|x86.Build.0 = Release|Any CPU
	EndGlobalSection
EndGlobal
